{
    "name": "font-comparison",
    "lockfileVersion": 3,
    "requires": true,
    "packages": {
        "": {
            "devDependencies": {
                "canvaskit-wasm": "^0.39.1"
            }
        },
        "node_modules/@webgpu/types": {
            "version": "0.1.21",
            "resolved": "https://registry.npmjs.org/@webgpu/types/-/types-0.1.21.tgz",
            "integrity": "sha512-pUrWq3V5PiSGFLeLxoGqReTZmiiXwY3jRkIG5sLLKjyqNxrwm/04b4nw7LSmGWJcKk59XOM/YRTUwOzo4MMlow==",
            "dev": true,
            "license": "BSD-3-Clause"
        },
        "node_modules/canvaskit-wasm": {
            "version": "0.39.1",
            "resolved": "https://registry.npmjs.org/canvaskit-wasm/-/canvaskit-wasm-0.39.1.tgz",
            "integrity": "sha512-Gy3lCmhUdKq+8bvDrs9t8+qf7RvcjuQn+we7vTVVyqgOVO1UVfHpsnBxkTZw+R4ApEJ3D5fKySl9TU11hmjl/A==",
            "dev": true,
            "license": "BSD-3-Clause",
            "dependencies": {
                "@webgpu/types": "0.1.21"
            }
        }
    }
}
